
Microsoft Visual Studio Solution File, Format Version 12.00
# Visual Studio Version 17
VisualStudioVersion = 17.4.33403.182
MinimumVisualStudioVersion = 10.0.40219.1
Project("{FAE04EC0-301F-11D3-BF4B-00C04F79EFBC}") = "EduHome.App", "EduHome.App\EduHome.App.csproj", "{BC1A8EC8-E7EC-4062-8573-E980BC5AB7AA}"
EndProject
Global
	GlobalSection(SolutionConfigurationPlatforms) = preSolution
		Debug|Any CPU = Debug|Any CPU
		Release|Any CPU = Release|Any CPU
	EndGlobalSection
	GlobalSection(ProjectConfigurationPlatforms) = postSolution
		{BC1A8EC8-E7EC-4062-8573-E980BC5AB7AA}.Debug|Any CPU.ActiveCfg = Debug|Any CPU
		{BC1A8EC8-E7EC-4062-8573-E980BC5AB7AA}.Debug|Any CPU.Build.0 = Debug|Any CPU
		{BC1A8EC8-E7EC-4062-8573-E980BC5AB7AA}.Release|Any CPU.ActiveCfg = Release|Any CPU
		{BC1A8EC8-E7EC-4062-8573-E980BC5AB7AA}.Release|Any CPU.Build.0 = Release|Any CPU
	EndGlobalSection
	GlobalSection(SolutionProperties) = preSolution
		HideSolutionNode = FALSE
	EndGlobalSection
	GlobalSection(ExtensibilityGlobals) = postSolution
		SolutionGuid = {BB2C7FE9-DB1D-40A3-A03E-62DE4B73E077}
	EndGlobalSection
EndGlobal
